
Microsoft Visual Studio Solution File, Format Version 12.00
# Visual Studio 14
VisualStudioVersion = 14.0.25420.1
MinimumVisualStudioVersion = 10.0.40219.1
Project("{FAE04EC0-301F-11D3-BF4B-00C04F79EFBC}") = "TestXamarianApp.Web", "TestXamarianApp.Web\TestXamarianApp.Web.csproj", "{70D2B69F-072F-4B4F-81C2-B5CF0C8C55B6}"
EndProject
Project("{FAE04EC0-301F-11D3-BF4B-00C04F79EFBC}") = "TestXamarianApp.Web.Tests", "TestXamarianApp.Web.Tests\TestXamarianApp.Web.Tests.csproj", "{D69E713F-1D68-4474-B30C-3BCBADA8E9DA}"
EndProject
Project("{2150E333-8FDC-42A3-9474-1A3956D46DE8}") = "Platforms", "Platforms", "{95897B34-8FDC-4D51-AD74-8D9EA707EAB2}"
EndProject
Project("{FAE04EC0-301F-11D3-BF4B-00C04F79EFBC}") = "TestXamarianApp.Droid", "TestXamarianApp\TestXamarianApp.Droid\TestXamarianApp.Droid.csproj", "{8797990D-A3C9-4DCA-9D71-3C15706F1DB1}"
EndProject
Project("{FAE04EC0-301F-11D3-BF4B-00C04F79EFBC}") = "TestXamarianApp.iOS", "TestXamarianApp\TestXamarianApp.iOS\TestXamarianApp.iOS.csproj", "{B4620367-EB3C-4F5C-868A-CCE7DC40C252}"
EndProject
Project("{FAE04EC0-301F-11D3-BF4B-00C04F79EFBC}") = "TestXamarianApp.WinPhone", "TestXamarianApp\TestXamarianApp.WinPhone\TestXamarianApp.WinPhone.csproj", "{3FF0F899-F31E-43FA-B54E-BA8A98FE63C5}"
EndProject
Project("{FAE04EC0-301F-11D3-BF4B-00C04F79EFBC}") = "TestXamarianApp.UWP", "TestXamarianApp\TestXamarianApp.UWP\TestXamarianApp.UWP.csproj", "{91EAF3AC-A9DE-4A6D-8C2A-D32E72700A2B}"
EndProject
Project("{FAE04EC0-301F-11D3-BF4B-00C04F79EFBC}") = "TestXamarianApp.Windows", "TestXamarianApp\TestXamarianApp.Windows\TestXamarianApp.Windows.csproj", "{ADFF6484-8BEF-4FC8-B3E6-0EE6BCEAA515}"
EndProject
Project("{FAE04EC0-301F-11D3-BF4B-00C04F79EFBC}") = "TestXamarianApp", "TestXamarianApp\TestXamarianApp\TestXamarianApp.csproj", "{4EF0EC5D-F030-43A5-9C51-2C48F41B06FA}"
EndProject
Global
	GlobalSection(SolutionConfigurationPlatforms) = preSolution
		Ad-Hoc|Any CPU = Ad-Hoc|Any CPU
		Ad-Hoc|ARM = Ad-Hoc|ARM
		Ad-Hoc|iPhone = Ad-Hoc|iPhone
		Ad-Hoc|iPhoneSimulator = Ad-Hoc|iPhoneSimulator
		Ad-Hoc|x64 = Ad-Hoc|x64
		Ad-Hoc|x86 = Ad-Hoc|x86
		AppStore|Any CPU = AppStore|Any CPU
		AppStore|ARM = AppStore|ARM
		AppStore|iPhone = AppStore|iPhone
		AppStore|iPhoneSimulator = AppStore|iPhoneSimulator
		AppStore|x64 = AppStore|x64
		AppStore|x86 = AppStore|x86
		Debug|Any CPU = Debug|Any CPU
		Debug|ARM = Debug|ARM
		Debug|iPhone = Debug|iPhone
		Debug|iPhoneSimulator = Debug|iPhoneSimulator
		Debug|x64 = Debug|x64
		Debug|x86 = Debug|x86
		Release|Any CPU = Release|Any CPU
		Release|ARM = Release|ARM
		Release|iPhone = Release|iPhone
		Release|iPhoneSimulator = Release|iPhoneSimulator
		Release|x64 = Release|x64
		Release|x86 = Release|x86
	EndGlobalSection
	GlobalSection(ProjectConfigurationPlatforms) = postSolution
		{70D2B69F-072F-4B4F-81C2-B5CF0C8C55B6}.Ad-Hoc|Any CPU.ActiveCfg = Release|Any CPU
		{70D2B69F-072F-4B4F-81C2-B5CF0C8C55B6}.Ad-Hoc|Any CPU.Build.0 = Release|Any CPU
		{70D2B69F-072F-4B4F-81C2-B5CF0C8C55B6}.Ad-Hoc|ARM.ActiveCfg = Release|Any CPU
		{70D2B69F-072F-4B4F-81C2-B5CF0C8C55B6}.Ad-Hoc|ARM.Build.0 = Release|Any CPU
		{70D2B69F-072F-4B4F-81C2-B5CF0C8C55B6}.Ad-Hoc|iPhone.ActiveCfg = Release|Any CPU
		{70D2B69F-072F-4B4F-81C2-B5CF0C8C55B6}.Ad-Hoc|iPhone.Build.0 = Release|Any CPU
		{70D2B69F-072F-4B4F-81C2-B5CF0C8C55B6}.Ad-Hoc|iPhoneSimulator.ActiveCfg = Release|Any CPU
		{70D2B69F-072F-4B4F-81C2-B5CF0C8C55B6}.Ad-Hoc|iPhoneSimulator.Build.0 = Release|Any CPU
		{70D2B69F-072F-4B4F-81C2-B5CF0C8C55B6}.Ad-Hoc|x64.ActiveCfg = Release|Any CPU
		{70D2B69F-072F-4B4F-81C2-B5CF0C8C55B6}.Ad-Hoc|x64.Build.0 = Release|Any CPU
		{70D2B69F-072F-4B4F-81C2-B5CF0C8C55B6}.Ad-Hoc|x86.ActiveCfg = Release|Any CPU
		{70D2B69F-072F-4B4F-81C2-B5CF0C8C55B6}.Ad-Hoc|x86.Build.0 = Release|Any CPU
		{70D2B69F-072F-4B4F-81C2-B5CF0C8C55B6}.AppStore|Any CPU.ActiveCfg = Release|Any CPU
		{70D2B69F-072F-4B4F-81C2-B5CF0C8C55B6}.AppStore|Any CPU.Build.0 = Release|Any CPU
		{70D2B69F-072F-4B4F-81C2-B5CF0C8C55B6}.AppStore|ARM.ActiveCfg = Release|Any CPU
		{70D2B69F-072F-4B4F-81C2-B5CF0C8C55B6}.AppStore|ARM.Build.0 = Release|Any CPU
		{70D2B69F-072F-4B4F-81C2-B5CF0C8C55B6}.AppStore|iPhone.ActiveCfg = Release|Any CPU
		{70D2B69F-072F-4B4F-81C2-B5CF0C8C55B6}.AppStore|iPhone.Build.0 = Release|Any CPU
		{70D2B69F-072F-4B4F-81C2-B5CF0C8C55B6}.AppStore|iPhoneSimulator.ActiveCfg = Release|Any CPU
		{70D2B69F-072F-4B4F-81C2-B5CF0C8C55B6}.AppStore|iPhoneSimulator.Build.0 = Release|Any CPU
		{70D2B69F-072F-4B4F-81C2-B5CF0C8C55B6}.AppStore|x64.ActiveCfg = Release|Any CPU
		{70D2B69F-072F-4B4F-81C2-B5CF0C8C55B6}.AppStore|x64.Build.0 = Release|Any CPU
		{70D2B69F-072F-4B4F-81C2-B5CF0C8C55B6}.AppStore|x86.ActiveCfg = Release|Any CPU
		{70D2B69F-072F-4B4F-81C2-B5CF0C8C55B6}.AppStore|x86.Build.0 = Release|Any CPU
		{70D2B69F-072F-4B4F-81C2-B5CF0C8C55B6}.Debug|Any CPU.ActiveCfg = Debug|Any CPU
		{70D2B69F-072F-4B4F-81C2-B5CF0C8C55B6}.Debug|Any CPU.Build.0 = Debug|Any CPU
		{70D2B69F-072F-4B4F-81C2-B5CF0C8C55B6}.Debug|ARM.ActiveCfg = Debug|Any CPU
		{70D2B69F-072F-4B4F-81C2-B5CF0C8C55B6}.Debug|ARM.Build.0 = Debug|Any CPU
		{70D2B69F-072F-4B4F-81C2-B5CF0C8C55B6}.Debug|iPhone.ActiveCfg = Debug|Any CPU
		{70D2B69F-072F-4B4F-81C2-B5CF0C8C55B6}.Debug|iPhone.Build.0 = Debug|Any CPU
		{70D2B69F-072F-4B4F-81C2-B5CF0C8C55B6}.Debug|iPhoneSimulator.ActiveCfg = Debug|Any CPU
		{70D2B69F-072F-4B4F-81C2-B5CF0C8C55B6}.Debug|iPhoneSimulator.Build.0 = Debug|Any CPU
		{70D2B69F-072F-4B4F-81C2-B5CF0C8C55B6}.Debug|x64.ActiveCfg = Debug|Any CPU
		{70D2B69F-072F-4B4F-81C2-B5CF0C8C55B6}.Debug|x64.Build.0 = Debug|Any CPU
		{70D2B69F-072F-4B4F-81C2-B5CF0C8C55B6}.Debug|x86.ActiveCfg = Debug|Any CPU
		{70D2B69F-072F-4B4F-81C2-B5CF0C8C55B6}.Debug|x86.Build.0 = Debug|Any CPU
		{70D2B69F-072F-4B4F-81C2-B5CF0C8C55B6}.Release|Any CPU.ActiveCfg = Release|Any CPU
		{70D2B69F-072F-4B4F-81C2-B5CF0C8C55B6}.Release|Any CPU.Build.0 = Release|Any CPU
		{70D2B69F-072F-4B4F-81C2-B5CF0C8C55B6}.Release|ARM.ActiveCfg = Release|Any CPU
		{70D2B69F-072F-4B4F-81C2-B5CF0C8C55B6}.Release|ARM.Build.0 = Release|Any CPU
		{70D2B69F-072F-4B4F-81C2-B5CF0C8C55B6}.Release|iPhone.ActiveCfg = Release|Any CPU
		{70D2B69F-072F-4B4F-81C2-B5CF0C8C55B6}.Release|iPhone.Build.0 = Release|Any CPU
		{70D2B69F-072F-4B4F-81C2-B5CF0C8C55B6}.Release|iPhoneSimulator.ActiveCfg = Release|Any CPU
		{70D2B69F-072F-4B4F-81C2-B5CF0C8C55B6}.Release|iPhoneSimulator.Build.0 = Release|Any CPU
		{70D2B69F-072F-4B4F-81C2-B5CF0C8C55B6}.Release|x64.ActiveCfg = Release|Any CPU
		{70D2B69F-072F-4B4F-81C2-B5CF0C8C55B6}.Release|x64.Build.0 = Release|Any CPU
		{70D2B69F-072F-4B4F-81C2-B5CF0C8C55B6}.Release|x86.ActiveCfg = Release|Any CPU
		{70D2B69F-072F-4B4F-81C2-B5CF0C8C55B6}.Release|x86.Build.0 = Release|Any CPU
		{D69E713F-1D68-4474-B30C-3BCBADA8E9DA}.Ad-Hoc|Any CPU.ActiveCfg = Release|Any CPU
		{D69E713F-1D68-4474-B30C-3BCBADA8E9DA}.Ad-Hoc|Any CPU.Build.0 = Release|Any CPU
		{D69E713F-1D68-4474-B30C-3BCBADA8E9DA}.Ad-Hoc|ARM.ActiveCfg = Release|Any CPU
		{D69E713F-1D68-4474-B30C-3BCBADA8E9DA}.Ad-Hoc|ARM.Build.0 = Release|Any CPU
		{D69E713F-1D68-4474-B30C-3BCBADA8E9DA}.Ad-Hoc|iPhone.ActiveCfg = Release|Any CPU
		{D69E713F-1D68-4474-B30C-3BCBADA8E9DA}.Ad-Hoc|iPhone.Build.0 = Release|Any CPU
		{D69E713F-1D68-4474-B30C-3BCBADA8E9DA}.Ad-Hoc|iPhoneSimulator.ActiveCfg = Release|Any CPU
		{D69E713F-1D68-4474-B30C-3BCBADA8E9DA}.Ad-Hoc|iPhoneSimulator.Build.0 = Release|Any CPU
		{D69E713F-1D68-4474-B30C-3BCBADA8E9DA}.Ad-Hoc|x64.ActiveCfg = Release|Any CPU
		{D69E713F-1D68-4474-B30C-3BCBADA8E9DA}.Ad-Hoc|x64.Build.0 = Release|Any CPU
		{D69E713F-1D68-4474-B30C-3BCBADA8E9DA}.Ad-Hoc|x86.ActiveCfg = Release|Any CPU
		{D69E713F-1D68-4474-B30C-3BCBADA8E9DA}.Ad-Hoc|x86.Build.0 = Release|Any CPU
		{D69E713F-1D68-4474-B30C-3BCBADA8E9DA}.AppStore|Any CPU.ActiveCfg = Release|Any CPU
		{D69E713F-1D68-4474-B30C-3BCBADA8E9DA}.AppStore|Any CPU.Build.0 = Release|Any CPU
		{D69E713F-1D68-4474-B30C-3BCBADA8E9DA}.AppStore|ARM.ActiveCfg = Release|Any CPU
		{D69E713F-1D68-4474-B30C-3BCBADA8E9DA}.AppStore|ARM.Build.0 = Release|Any CPU
		{D69E713F-1D68-4474-B30C-3BCBADA8E9DA}.AppStore|iPhone.ActiveCfg = Release|Any CPU
		{D69E713F-1D68-4474-B30C-3BCBADA8E9DA}.AppStore|iPhone.Build.0 = Release|Any CPU
		{D69E713F-1D68-4474-B30C-3BCBADA8E9DA}.AppStore|iPhoneSimulator.ActiveCfg = Release|Any CPU
		{D69E713F-1D68-4474-B30C-3BCBADA8E9DA}.AppStore|iPhoneSimulator.Build.0 = Release|Any CPU
		{D69E713F-1D68-4474-B30C-3BCBADA8E9DA}.AppStore|x64.ActiveCfg = Release|Any CPU
		{D69E713F-1D68-4474-B30C-3BCBADA8E9DA}.AppStore|x64.Build.0 = Release|Any CPU
		{D69E713F-1D68-4474-B30C-3BCBADA8E9DA}.AppStore|x86.ActiveCfg = Release|Any CPU
		{D69E713F-1D68-4474-B30C-3BCBADA8E9DA}.AppStore|x86.Build.0 = Release|Any CPU
		{D69E713F-1D68-4474-B30C-3BCBADA8E9DA}.Debug|Any CPU.ActiveCfg = Debug|Any CPU
		{D69E713F-1D68-4474-B30C-3BCBADA8E9DA}.Debug|Any CPU.Build.0 = Debug|Any CPU
		{D69E713F-1D68-4474-B30C-3BCBADA8E9DA}.Debug|ARM.ActiveCfg = Debug|Any CPU
		{D69E713F-1D68-4474-B30C-3BCBADA8E9DA}.Debug|ARM.Build.0 = Debug|Any CPU
		{D69E713F-1D68-4474-B30C-3BCBADA8E9DA}.Debug|iPhone.ActiveCfg = Debug|Any CPU
		{D69E713F-1D68-4474-B30C-3BCBADA8E9DA}.Debug|iPhone.Build.0 = Debug|Any CPU
		{D69E713F-1D68-4474-B30C-3BCBADA8E9DA}.Debug|iPhoneSimulator.ActiveCfg = Debug|Any CPU
		{D69E713F-1D68-4474-B30C-3BCBADA8E9DA}.Debug|iPhoneSimulator.Build.0 = Debug|Any CPU
		{D69E713F-1D68-4474-B30C-3BCBADA8E9DA}.Debug|x64.ActiveCfg = Debug|Any CPU
		{D69E713F-1D68-4474-B30C-3BCBADA8E9DA}.Debug|x64.Build.0 = Debug|Any CPU
		{D69E713F-1D68-4474-B30C-3BCBADA8E9DA}.Debug|x86.ActiveCfg = Debug|Any CPU
		{D69E713F-1D68-4474-B30C-3BCBADA8E9DA}.Debug|x86.Build.0 = Debug|Any CPU
		{D69E713F-1D68-4474-B30C-3BCBADA8E9DA}.Release|Any CPU.ActiveCfg = Release|Any CPU
		{D69E713F-1D68-4474-B30C-3BCBADA8E9DA}.Release|Any CPU.Build.0 = Release|Any CPU
		{D69E713F-1D68-4474-B30C-3BCBADA8E9DA}.Release|ARM.ActiveCfg = Release|Any CPU
		{D69E713F-1D68-4474-B30C-3BCBADA8E9DA}.Release|ARM.Build.0 = Release|Any CPU
		{D69E713F-1D68-4474-B30C-3BCBADA8E9DA}.Release|iPhone.ActiveCfg = Release|Any CPU
		{D69E713F-1D68-4474-B30C-3BCBADA8E9DA}.Release|iPhone.Build.0 = Release|Any CPU
		{D69E713F-1D68-4474-B30C-3BCBADA8E9DA}.Release|iPhoneSimulator.ActiveCfg = Release|Any CPU
		{D69E713F-1D68-4474-B30C-3BCBADA8E9DA}.Release|iPhoneSimulator.Build.0 = Release|Any CPU
		{D69E713F-1D68-4474-B30C-3BCBADA8E9DA}.Release|x64.ActiveCfg = Release|Any CPU
		{D69E713F-1D68-4474-B30C-3BCBADA8E9DA}.Release|x64.Build.0 = Release|Any CPU
		{D69E713F-1D68-4474-B30C-3BCBADA8E9DA}.Release|x86.ActiveCfg = Release|Any CPU
		{D69E713F-1D68-4474-B30C-3BCBADA8E9DA}.Release|x86.Build.0 = Release|Any CPU
		{8797990D-A3C9-4DCA-9D71-3C15706F1DB1}.Ad-Hoc|Any CPU.ActiveCfg = Release|Any CPU
		{8797990D-A3C9-4DCA-9D71-3C15706F1DB1}.Ad-Hoc|Any CPU.Build.0 = Release|Any CPU
		{8797990D-A3C9-4DCA-9D71-3C15706F1DB1}.Ad-Hoc|Any CPU.Deploy.0 = Release|Any CPU
		{8797990D-A3C9-4DCA-9D71-3C15706F1DB1}.Ad-Hoc|ARM.ActiveCfg = Release|Any CPU
		{8797990D-A3C9-4DCA-9D71-3C15706F1DB1}.Ad-Hoc|ARM.Build.0 = Release|Any CPU
		{8797990D-A3C9-4DCA-9D71-3C15706F1DB1}.Ad-Hoc|ARM.Deploy.0 = Release|Any CPU
		{8797990D-A3C9-4DCA-9D71-3C15706F1DB1}.Ad-Hoc|iPhone.ActiveCfg = Release|Any CPU
		{8797990D-A3C9-4DCA-9D71-3C15706F1DB1}.Ad-Hoc|iPhone.Build.0 = Release|Any CPU
		{8797990D-A3C9-4DCA-9D71-3C15706F1DB1}.Ad-Hoc|iPhone.Deploy.0 = Release|Any CPU
		{8797990D-A3C9-4DCA-9D71-3C15706F1DB1}.Ad-Hoc|iPhoneSimulator.ActiveCfg = Release|Any CPU
		{8797990D-A3C9-4DCA-9D71-3C15706F1DB1}.Ad-Hoc|iPhoneSimulator.Build.0 = Release|Any CPU
		{8797990D-A3C9-4DCA-9D71-3C15706F1DB1}.Ad-Hoc|iPhoneSimulator.Deploy.0 = Release|Any CPU
		{8797990D-A3C9-4DCA-9D71-3C15706F1DB1}.Ad-Hoc|x64.ActiveCfg = Release|Any CPU
		{8797990D-A3C9-4DCA-9D71-3C15706F1DB1}.Ad-Hoc|x64.Build.0 = Release|Any CPU
		{8797990D-A3C9-4DCA-9D71-3C15706F1DB1}.Ad-Hoc|x64.Deploy.0 = Release|Any CPU
		{8797990D-A3C9-4DCA-9D71-3C15706F1DB1}.Ad-Hoc|x86.ActiveCfg = Release|Any CPU
		{8797990D-A3C9-4DCA-9D71-3C15706F1DB1}.Ad-Hoc|x86.Build.0 = Release|Any CPU
		{8797990D-A3C9-4DCA-9D71-3C15706F1DB1}.Ad-Hoc|x86.Deploy.0 = Release|Any CPU
		{8797990D-A3C9-4DCA-9D71-3C15706F1DB1}.AppStore|Any CPU.ActiveCfg = Release|Any CPU
		{8797990D-A3C9-4DCA-9D71-3C15706F1DB1}.AppStore|Any CPU.Build.0 = Release|Any CPU
		{8797990D-A3C9-4DCA-9D71-3C15706F1DB1}.AppStore|Any CPU.Deploy.0 = Release|Any CPU
		{8797990D-A3C9-4DCA-9D71-3C15706F1DB1}.AppStore|ARM.ActiveCfg = Release|Any CPU
		{8797990D-A3C9-4DCA-9D71-3C15706F1DB1}.AppStore|ARM.Build.0 = Release|Any CPU
		{8797990D-A3C9-4DCA-9D71-3C15706F1DB1}.AppStore|ARM.Deploy.0 = Release|Any CPU
		{8797990D-A3C9-4DCA-9D71-3C15706F1DB1}.AppStore|iPhone.ActiveCfg = Release|Any CPU
		{8797990D-A3C9-4DCA-9D71-3C15706F1DB1}.AppStore|iPhone.Build.0 = Release|Any CPU
		{8797990D-A3C9-4DCA-9D71-3C15706F1DB1}.AppStore|iPhone.Deploy.0 = Release|Any CPU
		{8797990D-A3C9-4DCA-9D71-3C15706F1DB1}.AppStore|iPhoneSimulator.ActiveCfg = Release|Any CPU
		{8797990D-A3C9-4DCA-9D71-3C15706F1DB1}.AppStore|iPhoneSimulator.Build.0 = Release|Any CPU
		{8797990D-A3C9-4DCA-9D71-3C15706F1DB1}.AppStore|iPhoneSimulator.Deploy.0 = Release|Any CPU
		{8797990D-A3C9-4DCA-9D71-3C15706F1DB1}.AppStore|x64.ActiveCfg = Release|Any CPU
		{8797990D-A3C9-4DCA-9D71-3C15706F1DB1}.AppStore|x64.Build.0 = Release|Any CPU
		{8797990D-A3C9-4DCA-9D71-3C15706F1DB1}.AppStore|x64.Deploy.0 = Release|Any CPU
		{8797990D-A3C9-4DCA-9D71-3C15706F1DB1}.AppStore|x86.ActiveCfg = Release|Any CPU
		{8797990D-A3C9-4DCA-9D71-3C15706F1DB1}.AppStore|x86.Build.0 = Release|Any CPU
		{8797990D-A3C9-4DCA-9D71-3C15706F1DB1}.AppStore|x86.Deploy.0 = Release|Any CPU
		{8797990D-A3C9-4DCA-9D71-3C15706F1DB1}.Debug|Any CPU.ActiveCfg = Debug|Any CPU
		{8797990D-A3C9-4DCA-9D71-3C15706F1DB1}.Debug|Any CPU.Build.0 = Debug|Any CPU
		{8797990D-A3C9-4DCA-9D71-3C15706F1DB1}.Debug|Any CPU.Deploy.0 = Debug|Any CPU
		{8797990D-A3C9-4DCA-9D71-3C15706F1DB1}.Debug|ARM.ActiveCfg = Debug|Any CPU
		{8797990D-A3C9-4DCA-9D71-3C15706F1DB1}.Debug|ARM.Build.0 = Debug|Any CPU
		{8797990D-A3C9-4DCA-9D71-3C15706F1DB1}.Debug|ARM.Deploy.0 = Debug|Any CPU
		{8797990D-A3C9-4DCA-9D71-3C15706F1DB1}.Debug|iPhone.ActiveCfg = Debug|Any CPU
		{8797990D-A3C9-4DCA-9D71-3C15706F1DB1}.Debug|iPhone.Build.0 = Debug|Any CPU
		{8797990D-A3C9-4DCA-9D71-3C15706F1DB1}.Debug|iPhone.Deploy.0 = Debug|Any CPU
		{8797990D-A3C9-4DCA-9D71-3C15706F1DB1}.Debug|iPhoneSimulator.ActiveCfg = Debug|Any CPU
		{8797990D-A3C9-4DCA-9D71-3C15706F1DB1}.Debug|iPhoneSimulator.Build.0 = Debug|Any CPU
		{8797990D-A3C9-4DCA-9D71-3C15706F1DB1}.Debug|iPhoneSimulator.Deploy.0 = Debug|Any CPU
		{8797990D-A3C9-4DCA-9D71-3C15706F1DB1}.Debug|x64.ActiveCfg = Debug|Any CPU
		{8797990D-A3C9-4DCA-9D71-3C15706F1DB1}.Debug|x64.Build.0 = Debug|Any CPU
		{8797990D-A3C9-4DCA-9D71-3C15706F1DB1}.Debug|x64.Deploy.0 = Debug|Any CPU
		{8797990D-A3C9-4DCA-9D71-3C15706F1DB1}.Debug|x86.ActiveCfg = Debug|Any CPU
		{8797990D-A3C9-4DCA-9D71-3C15706F1DB1}.Debug|x86.Build.0 = Debug|Any CPU
		{8797990D-A3C9-4DCA-9D71-3C15706F1DB1}.Debug|x86.Deploy.0 = Debug|Any CPU
		{8797990D-A3C9-4DCA-9D71-3C15706F1DB1}.Release|Any CPU.ActiveCfg = Release|Any CPU
		{8797990D-A3C9-4DCA-9D71-3C15706F1DB1}.Release|Any CPU.Build.0 = Release|Any CPU
		{8797990D-A3C9-4DCA-9D71-3C15706F1DB1}.Release|Any CPU.Deploy.0 = Release|Any CPU
		{8797990D-A3C9-4DCA-9D71-3C15706F1DB1}.Release|ARM.ActiveCfg = Release|Any CPU
		{8797990D-A3C9-4DCA-9D71-3C15706F1DB1}.Release|ARM.Build.0 = Release|Any CPU
		{8797990D-A3C9-4DCA-9D71-3C15706F1DB1}.Release|ARM.Deploy.0 = Release|Any CPU
		{8797990D-A3C9-4DCA-9D71-3C15706F1DB1}.Release|iPhone.ActiveCfg = Release|Any CPU
		{8797990D-A3C9-4DCA-9D71-3C15706F1DB1}.Release|iPhone.Build.0 = Release|Any CPU
		{8797990D-A3C9-4DCA-9D71-3C15706F1DB1}.Release|iPhone.Deploy.0 = Release|Any CPU
		{8797990D-A3C9-4DCA-9D71-3C15706F1DB1}.Release|iPhoneSimulator.ActiveCfg = Release|Any CPU
		{8797990D-A3C9-4DCA-9D71-3C15706F1DB1}.Release|iPhoneSimulator.Build.0 = Release|Any CPU
		{8797990D-A3C9-4DCA-9D71-3C15706F1DB1}.Release|iPhoneSimulator.Deploy.0 = Release|Any CPU
		{8797990D-A3C9-4DCA-9D71-3C15706F1DB1}.Release|x64.ActiveCfg = Release|Any CPU
		{8797990D-A3C9-4DCA-9D71-3C15706F1DB1}.Release|x64.Build.0 = Release|Any CPU
		{8797990D-A3C9-4DCA-9D71-3C15706F1DB1}.Release|x64.Deploy.0 = Release|Any CPU
		{8797990D-A3C9-4DCA-9D71-3C15706F1DB1}.Release|x86.ActiveCfg = Release|Any CPU
		{8797990D-A3C9-4DCA-9D71-3C15706F1DB1}.Release|x86.Build.0 = Release|Any CPU
		{8797990D-A3C9-4DCA-9D71-3C15706F1DB1}.Release|x86.Deploy.0 = Release|Any CPU
		{B4620367-EB3C-4F5C-868A-CCE7DC40C252}.Ad-Hoc|Any CPU.ActiveCfg = Ad-Hoc|iPhone
		{B4620367-EB3C-4F5C-868A-CCE7DC40C252}.Ad-Hoc|ARM.ActiveCfg = Ad-Hoc|iPhone
		{B4620367-EB3C-4F5C-868A-CCE7DC40C252}.Ad-Hoc|iPhone.ActiveCfg = Ad-Hoc|iPhone
		{B4620367-EB3C-4F5C-868A-CCE7DC40C252}.Ad-Hoc|iPhone.Build.0 = Ad-Hoc|iPhone
		{B4620367-EB3C-4F5C-868A-CCE7DC40C252}.Ad-Hoc|iPhoneSimulator.ActiveCfg = Ad-Hoc|iPhoneSimulator
		{B4620367-EB3C-4F5C-868A-CCE7DC40C252}.Ad-Hoc|iPhoneSimulator.Build.0 = Ad-Hoc|iPhoneSimulator
		{B4620367-EB3C-4F5C-868A-CCE7DC40C252}.Ad-Hoc|x64.ActiveCfg = Ad-Hoc|iPhone
		{B4620367-EB3C-4F5C-868A-CCE7DC40C252}.Ad-Hoc|x86.ActiveCfg = Ad-Hoc|iPhone
		{B4620367-EB3C-4F5C-868A-CCE7DC40C252}.AppStore|Any CPU.ActiveCfg = AppStore|iPhone
		{B4620367-EB3C-4F5C-868A-CCE7DC40C252}.AppStore|ARM.ActiveCfg = AppStore|iPhone
		{B4620367-EB3C-4F5C-868A-CCE7DC40C252}.AppStore|iPhone.ActiveCfg = AppStore|iPhone
		{B4620367-EB3C-4F5C-868A-CCE7DC40C252}.AppStore|iPhone.Build.0 = AppStore|iPhone
		{B4620367-EB3C-4F5C-868A-CCE7DC40C252}.AppStore|iPhoneSimulator.ActiveCfg = AppStore|iPhoneSimulator
		{B4620367-EB3C-4F5C-868A-CCE7DC40C252}.AppStore|iPhoneSimulator.Build.0 = AppStore|iPhoneSimulator
		{B4620367-EB3C-4F5C-868A-CCE7DC40C252}.AppStore|x64.ActiveCfg = AppStore|iPhone
		{B4620367-EB3C-4F5C-868A-CCE7DC40C252}.AppStore|x86.ActiveCfg = AppStore|iPhone
		{B4620367-EB3C-4F5C-868A-CCE7DC40C252}.Debug|Any CPU.ActiveCfg = Debug|iPhone
		{B4620367-EB3C-4F5C-868A-CCE7DC40C252}.Debug|ARM.ActiveCfg = Debug|iPhone
		{B4620367-EB3C-4F5C-868A-CCE7DC40C252}.Debug|iPhone.ActiveCfg = Debug|iPhone
		{B4620367-EB3C-4F5C-868A-CCE7DC40C252}.Debug|iPhone.Build.0 = Debug|iPhone
		{B4620367-EB3C-4F5C-868A-CCE7DC40C252}.Debug|iPhoneSimulator.ActiveCfg = Debug|iPhoneSimulator
		{B4620367-EB3C-4F5C-868A-CCE7DC40C252}.Debug|iPhoneSimulator.Build.0 = Debug|iPhoneSimulator
		{B4620367-EB3C-4F5C-868A-CCE7DC40C252}.Debug|x64.ActiveCfg = Debug|iPhone
		{B4620367-EB3C-4F5C-868A-CCE7DC40C252}.Debug|x86.ActiveCfg = Debug|iPhone
		{B4620367-EB3C-4F5C-868A-CCE7DC40C252}.Release|Any CPU.ActiveCfg = Release|iPhone
		{B4620367-EB3C-4F5C-868A-CCE7DC40C252}.Release|ARM.ActiveCfg = Release|iPhone
		{B4620367-EB3C-4F5C-868A-CCE7DC40C252}.Release|iPhone.ActiveCfg = Release|iPhone
		{B4620367-EB3C-4F5C-868A-CCE7DC40C252}.Release|iPhone.Build.0 = Release|iPhone
		{B4620367-EB3C-4F5C-868A-CCE7DC40C252}.Release|iPhoneSimulator.ActiveCfg = Release|iPhoneSimulator
		{B4620367-EB3C-4F5C-868A-CCE7DC40C252}.Release|iPhoneSimulator.Build.0 = Release|iPhoneSimulator
		{B4620367-EB3C-4F5C-868A-CCE7DC40C252}.Release|x64.ActiveCfg = Release|iPhone
		{B4620367-EB3C-4F5C-868A-CCE7DC40C252}.Release|x86.ActiveCfg = Release|iPhone
		{3FF0F899-F31E-43FA-B54E-BA8A98FE63C5}.Ad-Hoc|Any CPU.ActiveCfg = Release|Any CPU
		{3FF0F899-F31E-43FA-B54E-BA8A98FE63C5}.Ad-Hoc|Any CPU.Build.0 = Release|Any CPU
		{3FF0F899-F31E-43FA-B54E-BA8A98FE63C5}.Ad-Hoc|Any CPU.Deploy.0 = Release|Any CPU
		{3FF0F899-F31E-43FA-B54E-BA8A98FE63C5}.Ad-Hoc|ARM.ActiveCfg = Release|ARM
		{3FF0F899-F31E-43FA-B54E-BA8A98FE63C5}.Ad-Hoc|ARM.Build.0 = Release|ARM
		{3FF0F899-F31E-43FA-B54E-BA8A98FE63C5}.Ad-Hoc|ARM.Deploy.0 = Release|ARM
		{3FF0F899-F31E-43FA-B54E-BA8A98FE63C5}.Ad-Hoc|iPhone.ActiveCfg = Release|Any CPU
		{3FF0F899-F31E-43FA-B54E-BA8A98FE63C5}.Ad-Hoc|iPhone.Build.0 = Release|Any CPU
		{3FF0F899-F31E-43FA-B54E-BA8A98FE63C5}.Ad-Hoc|iPhone.Deploy.0 = Release|Any CPU
		{3FF0F899-F31E-43FA-B54E-BA8A98FE63C5}.Ad-Hoc|iPhoneSimulator.ActiveCfg = Release|Any CPU
		{3FF0F899-F31E-43FA-B54E-BA8A98FE63C5}.Ad-Hoc|iPhoneSimulator.Build.0 = Release|Any CPU
		{3FF0F899-F31E-43FA-B54E-BA8A98FE63C5}.Ad-Hoc|iPhoneSimulator.Deploy.0 = Release|Any CPU
		{3FF0F899-F31E-43FA-B54E-BA8A98FE63C5}.Ad-Hoc|x64.ActiveCfg = Release|Any CPU
		{3FF0F899-F31E-43FA-B54E-BA8A98FE63C5}.Ad-Hoc|x64.Build.0 = Release|Any CPU
		{3FF0F899-F31E-43FA-B54E-BA8A98FE63C5}.Ad-Hoc|x64.Deploy.0 = Release|Any CPU
		{3FF0F899-F31E-43FA-B54E-BA8A98FE63C5}.Ad-Hoc|x86.ActiveCfg = Release|x86
		{3FF0F899-F31E-43FA-B54E-BA8A98FE63C5}.Ad-Hoc|x86.Build.0 = Release|x86
		{3FF0F899-F31E-43FA-B54E-BA8A98FE63C5}.Ad-Hoc|x86.Deploy.0 = Release|x86
		{3FF0F899-F31E-43FA-B54E-BA8A98FE63C5}.AppStore|Any CPU.ActiveCfg = Release|Any CPU
		{3FF0F899-F31E-43FA-B54E-BA8A98FE63C5}.AppStore|Any CPU.Build.0 = Release|Any CPU
		{3FF0F899-F31E-43FA-B54E-BA8A98FE63C5}.AppStore|Any CPU.Deploy.0 = Release|Any CPU
		{3FF0F899-F31E-43FA-B54E-BA8A98FE63C5}.AppStore|ARM.ActiveCfg = Release|ARM
		{3FF0F899-F31E-43FA-B54E-BA8A98FE63C5}.AppStore|ARM.Build.0 = Release|ARM
		{3FF0F899-F31E-43FA-B54E-BA8A98FE63C5}.AppStore|ARM.Deploy.0 = Release|ARM
		{3FF0F899-F31E-43FA-B54E-BA8A98FE63C5}.AppStore|iPhone.ActiveCfg = Release|Any CPU
		{3FF0F899-F31E-43FA-B54E-BA8A98FE63C5}.AppStore|iPhone.Build.0 = Release|Any CPU
		{3FF0F899-F31E-43FA-B54E-BA8A98FE63C5}.AppStore|iPhone.Deploy.0 = Release|Any CPU
		{3FF0F899-F31E-43FA-B54E-BA8A98FE63C5}.AppStore|iPhoneSimulator.ActiveCfg = Release|Any CPU
		{3FF0F899-F31E-43FA-B54E-BA8A98FE63C5}.AppStore|iPhoneSimulator.Build.0 = Release|Any CPU
		{3FF0F899-F31E-43FA-B54E-BA8A98FE63C5}.AppStore|iPhoneSimulator.Deploy.0 = Release|Any CPU
		{3FF0F899-F31E-43FA-B54E-BA8A98FE63C5}.AppStore|x64.ActiveCfg = Release|Any CPU
		{3FF0F899-F31E-43FA-B54E-BA8A98FE63C5}.AppStore|x64.Build.0 = Release|Any CPU
		{3FF0F899-F31E-43FA-B54E-BA8A98FE63C5}.AppStore|x64.Deploy.0 = Release|Any CPU
		{3FF0F899-F31E-43FA-B54E-BA8A98FE63C5}.AppStore|x86.ActiveCfg = Release|x86
		{3FF0F899-F31E-43FA-B54E-BA8A98FE63C5}.AppStore|x86.Build.0 = Release|x86
		{3FF0F899-F31E-43FA-B54E-BA8A98FE63C5}.AppStore|x86.Deploy.0 = Release|x86
		{3FF0F899-F31E-43FA-B54E-BA8A98FE63C5}.Debug|Any CPU.ActiveCfg = Debug|Any CPU
		{3FF0F899-F31E-43FA-B54E-BA8A98FE63C5}.Debug|Any CPU.Build.0 = Debug|Any CPU
		{3FF0F899-F31E-43FA-B54E-BA8A98FE63C5}.Debug|Any CPU.Deploy.0 = Debug|Any CPU
		{3FF0F899-F31E-43FA-B54E-BA8A98FE63C5}.Debug|ARM.ActiveCfg = Debug|ARM
		{3FF0F899-F31E-43FA-B54E-BA8A98FE63C5}.Debug|ARM.Build.0 = Debug|ARM
		{3FF0F899-F31E-43FA-B54E-BA8A98FE63C5}.Debug|ARM.Deploy.0 = Debug|ARM
		{3FF0F899-F31E-43FA-B54E-BA8A98FE63C5}.Debug|iPhone.ActiveCfg = Debug|Any CPU
		{3FF0F899-F31E-43FA-B54E-BA8A98FE63C5}.Debug|iPhone.Build.0 = Debug|Any CPU
		{3FF0F899-F31E-43FA-B54E-BA8A98FE63C5}.Debug|iPhone.Deploy.0 = Debug|Any CPU
		{3FF0F899-F31E-43FA-B54E-BA8A98FE63C5}.Debug|iPhoneSimulator.ActiveCfg = Debug|Any CPU
		{3FF0F899-F31E-43FA-B54E-BA8A98FE63C5}.Debug|iPhoneSimulator.Build.0 = Debug|Any CPU
		{3FF0F899-F31E-43FA-B54E-BA8A98FE63C5}.Debug|iPhoneSimulator.Deploy.0 = Debug|Any CPU
		{3FF0F899-F31E-43FA-B54E-BA8A98FE63C5}.Debug|x64.ActiveCfg = Debug|Any CPU
		{3FF0F899-F31E-43FA-B54E-BA8A98FE63C5}.Debug|x64.Build.0 = Debug|Any CPU
		{3FF0F899-F31E-43FA-B54E-BA8A98FE63C5}.Debug|x64.Deploy.0 = Debug|Any CPU
		{3FF0F899-F31E-43FA-B54E-BA8A98FE63C5}.Debug|x86.ActiveCfg = Debug|x86
		{3FF0F899-F31E-43FA-B54E-BA8A98FE63C5}.Debug|x86.Build.0 = Debug|x86
		{3FF0F899-F31E-43FA-B54E-BA8A98FE63C5}.Debug|x86.Deploy.0 = Debug|x86
		{3FF0F899-F31E-43FA-B54E-BA8A98FE63C5}.Release|Any CPU.ActiveCfg = Release|Any CPU
		{3FF0F899-F31E-43FA-B54E-BA8A98FE63C5}.Release|Any CPU.Build.0 = Release|Any CPU
		{3FF0F899-F31E-43FA-B54E-BA8A98FE63C5}.Release|Any CPU.Deploy.0 = Release|Any CPU
		{3FF0F899-F31E-43FA-B54E-BA8A98FE63C5}.Release|ARM.ActiveCfg = Release|ARM
		{3FF0F899-F31E-43FA-B54E-BA8A98FE63C5}.Release|ARM.Build.0 = Release|ARM
		{3FF0F899-F31E-43FA-B54E-BA8A98FE63C5}.Release|ARM.Deploy.0 = Release|ARM
		{3FF0F899-F31E-43FA-B54E-BA8A98FE63C5}.Release|iPhone.ActiveCfg = Release|Any CPU
		{3FF0F899-F31E-43FA-B54E-BA8A98FE63C5}.Release|iPhone.Build.0 = Release|Any CPU
		{3FF0F899-F31E-43FA-B54E-BA8A98FE63C5}.Release|iPhone.Deploy.0 = Release|Any CPU
		{3FF0F899-F31E-43FA-B54E-BA8A98FE63C5}.Release|iPhoneSimulator.ActiveCfg = Release|Any CPU
		{3FF0F899-F31E-43FA-B54E-BA8A98FE63C5}.Release|iPhoneSimulator.Build.0 = Release|Any CPU
		{3FF0F899-F31E-43FA-B54E-BA8A98FE63C5}.Release|iPhoneSimulator.Deploy.0 = Release|Any CPU
		{3FF0F899-F31E-43FA-B54E-BA8A98FE63C5}.Release|x64.ActiveCfg = Release|Any CPU
		{3FF0F899-F31E-43FA-B54E-BA8A98FE63C5}.Release|x64.Build.0 = Release|Any CPU
		{3FF0F899-F31E-43FA-B54E-BA8A98FE63C5}.Release|x64.Deploy.0 = Release|Any CPU
		{3FF0F899-F31E-43FA-B54E-BA8A98FE63C5}.Release|x86.ActiveCfg = Release|x86
		{3FF0F899-F31E-43FA-B54E-BA8A98FE63C5}.Release|x86.Build.0 = Release|x86
		{3FF0F899-F31E-43FA-B54E-BA8A98FE63C5}.Release|x86.Deploy.0 = Release|x86
		{91EAF3AC-A9DE-4A6D-8C2A-D32E72700A2B}.Ad-Hoc|Any CPU.ActiveCfg = Release|x86
		{91EAF3AC-A9DE-4A6D-8C2A-D32E72700A2B}.Ad-Hoc|Any CPU.Build.0 = Release|x86
		{91EAF3AC-A9DE-4A6D-8C2A-D32E72700A2B}.Ad-Hoc|Any CPU.Deploy.0 = Release|x86
		{91EAF3AC-A9DE-4A6D-8C2A-D32E72700A2B}.Ad-Hoc|ARM.ActiveCfg = Release|ARM
		{91EAF3AC-A9DE-4A6D-8C2A-D32E72700A2B}.Ad-Hoc|ARM.Build.0 = Release|ARM
		{91EAF3AC-A9DE-4A6D-8C2A-D32E72700A2B}.Ad-Hoc|ARM.Deploy.0 = Release|ARM
		{91EAF3AC-A9DE-4A6D-8C2A-D32E72700A2B}.Ad-Hoc|iPhone.ActiveCfg = Release|x86
		{91EAF3AC-A9DE-4A6D-8C2A-D32E72700A2B}.Ad-Hoc|iPhone.Build.0 = Release|x86
		{91EAF3AC-A9DE-4A6D-8C2A-D32E72700A2B}.Ad-Hoc|iPhone.Deploy.0 = Release|x86
		{91EAF3AC-A9DE-4A6D-8C2A-D32E72700A2B}.Ad-Hoc|iPhoneSimulator.ActiveCfg = Release|x86
		{91EAF3AC-A9DE-4A6D-8C2A-D32E72700A2B}.Ad-Hoc|iPhoneSimulator.Build.0 = Release|x86
		{91EAF3AC-A9DE-4A6D-8C2A-D32E72700A2B}.Ad-Hoc|iPhoneSimulator.Deploy.0 = Release|x86
		{91EAF3AC-A9DE-4A6D-8C2A-D32E72700A2B}.Ad-Hoc|x64.ActiveCfg = Release|x64
		{91EAF3AC-A9DE-4A6D-8C2A-D32E72700A2B}.Ad-Hoc|x64.Build.0 = Release|x64
		{91EAF3AC-A9DE-4A6D-8C2A-D32E72700A2B}.Ad-Hoc|x64.Deploy.0 = Release|x64
		{91EAF3AC-A9DE-4A6D-8C2A-D32E72700A2B}.Ad-Hoc|x86.ActiveCfg = Release|x86
		{91EAF3AC-A9DE-4A6D-8C2A-D32E72700A2B}.Ad-Hoc|x86.Build.0 = Release|x86
		{91EAF3AC-A9DE-4A6D-8C2A-D32E72700A2B}.Ad-Hoc|x86.Deploy.0 = Release|x86
		{91EAF3AC-A9DE-4A6D-8C2A-D32E72700A2B}.AppStore|Any CPU.ActiveCfg = Release|x86
		{91EAF3AC-A9DE-4A6D-8C2A-D32E72700A2B}.AppStore|Any CPU.Build.0 = Release|x86
		{91EAF3AC-A9DE-4A6D-8C2A-D32E72700A2B}.AppStore|Any CPU.Deploy.0 = Release|x86
		{91EAF3AC-A9DE-4A6D-8C2A-D32E72700A2B}.AppStore|ARM.ActiveCfg = Release|ARM
		{91EAF3AC-A9DE-4A6D-8C2A-D32E72700A2B}.AppStore|ARM.Build.0 = Release|ARM
		{91EAF3AC-A9DE-4A6D-8C2A-D32E72700A2B}.AppStore|ARM.Deploy.0 = Release|ARM
		{91EAF3AC-A9DE-4A6D-8C2A-D32E72700A2B}.AppStore|iPhone.ActiveCfg = Release|x86
		{91EAF3AC-A9DE-4A6D-8C2A-D32E72700A2B}.AppStore|iPhone.Build.0 = Release|x86
		{91EAF3AC-A9DE-4A6D-8C2A-D32E72700A2B}.AppStore|iPhone.Deploy.0 = Release|x86
		{91EAF3AC-A9DE-4A6D-8C2A-D32E72700A2B}.AppStore|iPhoneSimulator.ActiveCfg = Release|x86
		{91EAF3AC-A9DE-4A6D-8C2A-D32E72700A2B}.AppStore|iPhoneSimulator.Build.0 = Release|x86
		{91EAF3AC-A9DE-4A6D-8C2A-D32E72700A2B}.AppStore|iPhoneSimulator.Deploy.0 = Release|x86
		{91EAF3AC-A9DE-4A6D-8C2A-D32E72700A2B}.AppStore|x64.ActiveCfg = Release|x64
		{91EAF3AC-A9DE-4A6D-8C2A-D32E72700A2B}.AppStore|x64.Build.0 = Release|x64
		{91EAF3AC-A9DE-4A6D-8C2A-D32E72700A2B}.AppStore|x64.Deploy.0 = Release|x64
		{91EAF3AC-A9DE-4A6D-8C2A-D32E72700A2B}.AppStore|x86.ActiveCfg = Release|x86
		{91EAF3AC-A9DE-4A6D-8C2A-D32E72700A2B}.AppStore|x86.Build.0 = Release|x86
		{91EAF3AC-A9DE-4A6D-8C2A-D32E72700A2B}.AppStore|x86.Deploy.0 = Release|x86
		{91EAF3AC-A9DE-4A6D-8C2A-D32E72700A2B}.Debug|Any CPU.ActiveCfg = Debug|x86
		{91EAF3AC-A9DE-4A6D-8C2A-D32E72700A2B}.Debug|ARM.ActiveCfg = Debug|ARM
		{91EAF3AC-A9DE-4A6D-8C2A-D32E72700A2B}.Debug|ARM.Build.0 = Debug|ARM
		{91EAF3AC-A9DE-4A6D-8C2A-D32E72700A2B}.Debug|ARM.Deploy.0 = Debug|ARM
		{91EAF3AC-A9DE-4A6D-8C2A-D32E72700A2B}.Debug|iPhone.ActiveCfg = Debug|x86
		{91EAF3AC-A9DE-4A6D-8C2A-D32E72700A2B}.Debug|iPhoneSimulator.ActiveCfg = Debug|x86
		{91EAF3AC-A9DE-4A6D-8C2A-D32E72700A2B}.Debug|x64.ActiveCfg = Debug|x64
		{91EAF3AC-A9DE-4A6D-8C2A-D32E72700A2B}.Debug|x64.Build.0 = Debug|x64
		{91EAF3AC-A9DE-4A6D-8C2A-D32E72700A2B}.Debug|x64.Deploy.0 = Debug|x64
		{91EAF3AC-A9DE-4A6D-8C2A-D32E72700A2B}.Debug|x86.ActiveCfg = Debug|x86
		{91EAF3AC-A9DE-4A6D-8C2A-D32E72700A2B}.Debug|x86.Build.0 = Debug|x86
		{91EAF3AC-A9DE-4A6D-8C2A-D32E72700A2B}.Debug|x86.Deploy.0 = Debug|x86
		{91EAF3AC-A9DE-4A6D-8C2A-D32E72700A2B}.Release|Any CPU.ActiveCfg = Release|x86
		{91EAF3AC-A9DE-4A6D-8C2A-D32E72700A2B}.Release|ARM.ActiveCfg = Release|ARM
		{91EAF3AC-A9DE-4A6D-8C2A-D32E72700A2B}.Release|ARM.Build.0 = Release|ARM
		{91EAF3AC-A9DE-4A6D-8C2A-D32E72700A2B}.Release|ARM.Deploy.0 = Release|ARM
		{91EAF3AC-A9DE-4A6D-8C2A-D32E72700A2B}.Release|iPhone.ActiveCfg = Release|x86
		{91EAF3AC-A9DE-4A6D-8C2A-D32E72700A2B}.Release|iPhoneSimulator.ActiveCfg = Release|x86
		{91EAF3AC-A9DE-4A6D-8C2A-D32E72700A2B}.Release|x64.ActiveCfg = Release|x64
		{91EAF3AC-A9DE-4A6D-8C2A-D32E72700A2B}.Release|x64.Build.0 = Release|x64
		{91EAF3AC-A9DE-4A6D-8C2A-D32E72700A2B}.Release|x64.Deploy.0 = Release|x64
		{91EAF3AC-A9DE-4A6D-8C2A-D32E72700A2B}.Release|x86.ActiveCfg = Release|x86
		{91EAF3AC-A9DE-4A6D-8C2A-D32E72700A2B}.Release|x86.Build.0 = Release|x86
		{91EAF3AC-A9DE-4A6D-8C2A-D32E72700A2B}.Release|x86.Deploy.0 = Release|x86
		{ADFF6484-8BEF-4FC8-B3E6-0EE6BCEAA515}.Ad-Hoc|Any CPU.ActiveCfg = Release|Any CPU
		{ADFF6484-8BEF-4FC8-B3E6-0EE6BCEAA515}.Ad-Hoc|Any CPU.Build.0 = Release|Any CPU
		{ADFF6484-8BEF-4FC8-B3E6-0EE6BCEAA515}.Ad-Hoc|Any CPU.Deploy.0 = Release|Any CPU
		{ADFF6484-8BEF-4FC8-B3E6-0EE6BCEAA515}.Ad-Hoc|ARM.ActiveCfg = Release|ARM
		{ADFF6484-8BEF-4FC8-B3E6-0EE6BCEAA515}.Ad-Hoc|ARM.Build.0 = Release|ARM
		{ADFF6484-8BEF-4FC8-B3E6-0EE6BCEAA515}.Ad-Hoc|ARM.Deploy.0 = Release|ARM
		{ADFF6484-8BEF-4FC8-B3E6-0EE6BCEAA515}.Ad-Hoc|iPhone.ActiveCfg = Release|Any CPU
		{ADFF6484-8BEF-4FC8-B3E6-0EE6BCEAA515}.Ad-Hoc|iPhone.Build.0 = Release|Any CPU
		{ADFF6484-8BEF-4FC8-B3E6-0EE6BCEAA515}.Ad-Hoc|iPhone.Deploy.0 = Release|Any CPU
		{ADFF6484-8BEF-4FC8-B3E6-0EE6BCEAA515}.Ad-Hoc|iPhoneSimulator.ActiveCfg = Release|Any CPU
		{ADFF6484-8BEF-4FC8-B3E6-0EE6BCEAA515}.Ad-Hoc|iPhoneSimulator.Build.0 = Release|Any CPU
		{ADFF6484-8BEF-4FC8-B3E6-0EE6BCEAA515}.Ad-Hoc|iPhoneSimulator.Deploy.0 = Release|Any CPU
		{ADFF6484-8BEF-4FC8-B3E6-0EE6BCEAA515}.Ad-Hoc|x64.ActiveCfg = Release|x64
		{ADFF6484-8BEF-4FC8-B3E6-0EE6BCEAA515}.Ad-Hoc|x64.Build.0 = Release|x64
		{ADFF6484-8BEF-4FC8-B3E6-0EE6BCEAA515}.Ad-Hoc|x64.Deploy.0 = Release|x64
		{ADFF6484-8BEF-4FC8-B3E6-0EE6BCEAA515}.Ad-Hoc|x86.ActiveCfg = Release|x86
		{ADFF6484-8BEF-4FC8-B3E6-0EE6BCEAA515}.Ad-Hoc|x86.Build.0 = Release|x86
		{ADFF6484-8BEF-4FC8-B3E6-0EE6BCEAA515}.Ad-Hoc|x86.Deploy.0 = Release|x86
		{ADFF6484-8BEF-4FC8-B3E6-0EE6BCEAA515}.AppStore|Any CPU.ActiveCfg = Release|Any CPU
		{ADFF6484-8BEF-4FC8-B3E6-0EE6BCEAA515}.AppStore|Any CPU.Build.0 = Release|Any CPU
		{ADFF6484-8BEF-4FC8-B3E6-0EE6BCEAA515}.AppStore|Any CPU.Deploy.0 = Release|Any CPU
		{ADFF6484-8BEF-4FC8-B3E6-0EE6BCEAA515}.AppStore|ARM.ActiveCfg = Release|ARM
		{ADFF6484-8BEF-4FC8-B3E6-0EE6BCEAA515}.AppStore|ARM.Build.0 = Release|ARM
		{ADFF6484-8BEF-4FC8-B3E6-0EE6BCEAA515}.AppStore|ARM.Deploy.0 = Release|ARM
		{ADFF6484-8BEF-4FC8-B3E6-0EE6BCEAA515}.AppStore|iPhone.ActiveCfg = Release|Any CPU
		{ADFF6484-8BEF-4FC8-B3E6-0EE6BCEAA515}.AppStore|iPhone.Build.0 = Release|Any CPU
		{ADFF6484-8BEF-4FC8-B3E6-0EE6BCEAA515}.AppStore|iPhone.Deploy.0 = Release|Any CPU
		{ADFF6484-8BEF-4FC8-B3E6-0EE6BCEAA515}.AppStore|iPhoneSimulator.ActiveCfg = Release|Any CPU
		{ADFF6484-8BEF-4FC8-B3E6-0EE6BCEAA515}.AppStore|iPhoneSimulator.Build.0 = Release|Any CPU
		{ADFF6484-8BEF-4FC8-B3E6-0EE6BCEAA515}.AppStore|iPhoneSimulator.Deploy.0 = Release|Any CPU
		{ADFF6484-8BEF-4FC8-B3E6-0EE6BCEAA515}.AppStore|x64.ActiveCfg = Release|x64
		{ADFF6484-8BEF-4FC8-B3E6-0EE6BCEAA515}.AppStore|x64.Build.0 = Release|x64
		{ADFF6484-8BEF-4FC8-B3E6-0EE6BCEAA515}.AppStore|x64.Deploy.0 = Release|x64
		{ADFF6484-8BEF-4FC8-B3E6-0EE6BCEAA515}.AppStore|x86.ActiveCfg = Release|x86
		{ADFF6484-8BEF-4FC8-B3E6-0EE6BCEAA515}.AppStore|x86.Build.0 = Release|x86
		{ADFF6484-8BEF-4FC8-B3E6-0EE6BCEAA515}.AppStore|x86.Deploy.0 = Release|x86
		{ADFF6484-8BEF-4FC8-B3E6-0EE6BCEAA515}.Debug|Any CPU.ActiveCfg = Debug|Any CPU
		{ADFF6484-8BEF-4FC8-B3E6-0EE6BCEAA515}.Debug|Any CPU.Build.0 = Debug|Any CPU
		{ADFF6484-8BEF-4FC8-B3E6-0EE6BCEAA515}.Debug|Any CPU.Deploy.0 = Debug|Any CPU
		{ADFF6484-8BEF-4FC8-B3E6-0EE6BCEAA515}.Debug|ARM.ActiveCfg = Debug|ARM
		{ADFF6484-8BEF-4FC8-B3E6-0EE6BCEAA515}.Debug|ARM.Build.0 = Debug|ARM
		{ADFF6484-8BEF-4FC8-B3E6-0EE6BCEAA515}.Debug|ARM.Deploy.0 = Debug|ARM
		{ADFF6484-8BEF-4FC8-B3E6-0EE6BCEAA515}.Debug|iPhone.ActiveCfg = Debug|Any CPU
		{ADFF6484-8BEF-4FC8-B3E6-0EE6BCEAA515}.Debug|iPhone.Build.0 = Debug|Any CPU
		{ADFF6484-8BEF-4FC8-B3E6-0EE6BCEAA515}.Debug|iPhone.Deploy.0 = Debug|Any CPU
		{ADFF6484-8BEF-4FC8-B3E6-0EE6BCEAA515}.Debug|iPhoneSimulator.ActiveCfg = Debug|Any CPU
		{ADFF6484-8BEF-4FC8-B3E6-0EE6BCEAA515}.Debug|iPhoneSimulator.Build.0 = Debug|Any CPU
		{ADFF6484-8BEF-4FC8-B3E6-0EE6BCEAA515}.Debug|iPhoneSimulator.Deploy.0 = Debug|Any CPU
		{ADFF6484-8BEF-4FC8-B3E6-0EE6BCEAA515}.Debug|x64.ActiveCfg = Debug|x64
		{ADFF6484-8BEF-4FC8-B3E6-0EE6BCEAA515}.Debug|x64.Build.0 = Debug|x64
		{ADFF6484-8BEF-4FC8-B3E6-0EE6BCEAA515}.Debug|x64.Deploy.0 = Debug|x64
		{ADFF6484-8BEF-4FC8-B3E6-0EE6BCEAA515}.Debug|x86.ActiveCfg = Debug|x86
		{ADFF6484-8BEF-4FC8-B3E6-0EE6BCEAA515}.Debug|x86.Build.0 = Debug|x86
		{ADFF6484-8BEF-4FC8-B3E6-0EE6BCEAA515}.Debug|x86.Deploy.0 = Debug|x86
		{ADFF6484-8BEF-4FC8-B3E6-0EE6BCEAA515}.Release|Any CPU.ActiveCfg = Release|Any CPU
		{ADFF6484-8BEF-4FC8-B3E6-0EE6BCEAA515}.Release|Any CPU.Build.0 = Release|Any CPU
		{ADFF6484-8BEF-4FC8-B3E6-0EE6BCEAA515}.Release|Any CPU.Deploy.0 = Release|Any CPU
		{ADFF6484-8BEF-4FC8-B3E6-0EE6BCEAA515}.Release|ARM.ActiveCfg = Release|ARM
		{ADFF6484-8BEF-4FC8-B3E6-0EE6BCEAA515}.Release|ARM.Build.0 = Release|ARM
		{ADFF6484-8BEF-4FC8-B3E6-0EE6BCEAA515}.Release|ARM.Deploy.0 = Release|ARM
		{ADFF6484-8BEF-4FC8-B3E6-0EE6BCEAA515}.Release|iPhone.ActiveCfg = Release|Any CPU
		{ADFF6484-8BEF-4FC8-B3E6-0EE6BCEAA515}.Release|iPhone.Build.0 = Release|Any CPU
		{ADFF6484-8BEF-4FC8-B3E6-0EE6BCEAA515}.Release|iPhone.Deploy.0 = Release|Any CPU
		{ADFF6484-8BEF-4FC8-B3E6-0EE6BCEAA515}.Release|iPhoneSimulator.ActiveCfg = Release|Any CPU
		{ADFF6484-8BEF-4FC8-B3E6-0EE6BCEAA515}.Release|iPhoneSimulator.Build.0 = Release|Any CPU
		{ADFF6484-8BEF-4FC8-B3E6-0EE6BCEAA515}.Release|iPhoneSimulator.Deploy.0 = Release|Any CPU
		{ADFF6484-8BEF-4FC8-B3E6-0EE6BCEAA515}.Release|x64.ActiveCfg = Release|x64
		{ADFF6484-8BEF-4FC8-B3E6-0EE6BCEAA515}.Release|x64.Build.0 = Release|x64
		{ADFF6484-8BEF-4FC8-B3E6-0EE6BCEAA515}.Release|x64.Deploy.0 = Release|x64
		{ADFF6484-8BEF-4FC8-B3E6-0EE6BCEAA515}.Release|x86.ActiveCfg = Release|x86
		{ADFF6484-8BEF-4FC8-B3E6-0EE6BCEAA515}.Release|x86.Build.0 = Release|x86
		{ADFF6484-8BEF-4FC8-B3E6-0EE6BCEAA515}.Release|x86.Deploy.0 = Release|x86
		{4EF0EC5D-F030-43A5-9C51-2C48F41B06FA}.Ad-Hoc|Any CPU.ActiveCfg = Release|Any CPU
		{4EF0EC5D-F030-43A5-9C51-2C48F41B06FA}.Ad-Hoc|Any CPU.Build.0 = Release|Any CPU
		{4EF0EC5D-F030-43A5-9C51-2C48F41B06FA}.Ad-Hoc|ARM.ActiveCfg = Release|Any CPU
		{4EF0EC5D-F030-43A5-9C51-2C48F41B06FA}.Ad-Hoc|ARM.Build.0 = Release|Any CPU
		{4EF0EC5D-F030-43A5-9C51-2C48F41B06FA}.Ad-Hoc|iPhone.ActiveCfg = Release|Any CPU
		{4EF0EC5D-F030-43A5-9C51-2C48F41B06FA}.Ad-Hoc|iPhone.Build.0 = Release|Any CPU
		{4EF0EC5D-F030-43A5-9C51-2C48F41B06FA}.Ad-Hoc|iPhoneSimulator.ActiveCfg = Release|Any CPU
		{4EF0EC5D-F030-43A5-9C51-2C48F41B06FA}.Ad-Hoc|iPhoneSimulator.Build.0 = Release|Any CPU
		{4EF0EC5D-F030-43A5-9C51-2C48F41B06FA}.Ad-Hoc|x64.ActiveCfg = Release|Any CPU
		{4EF0EC5D-F030-43A5-9C51-2C48F41B06FA}.Ad-Hoc|x64.Build.0 = Release|Any CPU
		{4EF0EC5D-F030-43A5-9C51-2C48F41B06FA}.Ad-Hoc|x86.ActiveCfg = Release|Any CPU
		{4EF0EC5D-F030-43A5-9C51-2C48F41B06FA}.Ad-Hoc|x86.Build.0 = Release|Any CPU
		{4EF0EC5D-F030-43A5-9C51-2C48F41B06FA}.AppStore|Any CPU.ActiveCfg = Release|Any CPU
		{4EF0EC5D-F030-43A5-9C51-2C48F41B06FA}.AppStore|Any CPU.Build.0 = Release|Any CPU
		{4EF0EC5D-F030-43A5-9C51-2C48F41B06FA}.AppStore|ARM.ActiveCfg = Release|Any CPU
		{4EF0EC5D-F030-43A5-9C51-2C48F41B06FA}.AppStore|ARM.Build.0 = Release|Any CPU
		{4EF0EC5D-F030-43A5-9C51-2C48F41B06FA}.AppStore|iPhone.ActiveCfg = Release|Any CPU
		{4EF0EC5D-F030-43A5-9C51-2C48F41B06FA}.AppStore|iPhone.Build.0 = Release|Any CPU
		{4EF0EC5D-F030-43A5-9C51-2C48F41B06FA}.AppStore|iPhoneSimulator.ActiveCfg = Release|Any CPU
		{4EF0EC5D-F030-43A5-9C51-2C48F41B06FA}.AppStore|iPhoneSimulator.Build.0 = Release|Any CPU
		{4EF0EC5D-F030-43A5-9C51-2C48F41B06FA}.AppStore|x64.ActiveCfg = Release|Any CPU
		{4EF0EC5D-F030-43A5-9C51-2C48F41B06FA}.AppStore|x64.Build.0 = Release|Any CPU
		{4EF0EC5D-F030-43A5-9C51-2C48F41B06FA}.AppStore|x86.ActiveCfg = Release|Any CPU
		{4EF0EC5D-F030-43A5-9C51-2C48F41B06FA}.AppStore|x86.Build.0 = Release|Any CPU
		{4EF0EC5D-F030-43A5-9C51-2C48F41B06FA}.Debug|Any CPU.ActiveCfg = Debug|Any CPU
		{4EF0EC5D-F030-43A5-9C51-2C48F41B06FA}.Debug|Any CPU.Build.0 = Debug|Any CPU
		{4EF0EC5D-F030-43A5-9C51-2C48F41B06FA}.Debug|ARM.ActiveCfg = Debug|Any CPU
		{4EF0EC5D-F030-43A5-9C51-2C48F41B06FA}.Debug|ARM.Build.0 = Debug|Any CPU
		{4EF0EC5D-F030-43A5-9C51-2C48F41B06FA}.Debug|iPhone.ActiveCfg = Debug|Any CPU
		{4EF0EC5D-F030-43A5-9C51-2C48F41B06FA}.Debug|iPhone.Build.0 = Debug|Any CPU
		{4EF0EC5D-F030-43A5-9C51-2C48F41B06FA}.Debug|iPhoneSimulator.ActiveCfg = Debug|Any CPU
		{4EF0EC5D-F030-43A5-9C51-2C48F41B06FA}.Debug|iPhoneSimulator.Build.0 = Debug|Any CPU
		{4EF0EC5D-F030-43A5-9C51-2C48F41B06FA}.Debug|x64.ActiveCfg = Debug|Any CPU
		{4EF0EC5D-F030-43A5-9C51-2C48F41B06FA}.Debug|x64.Build.0 = Debug|Any CPU
		{4EF0EC5D-F030-43A5-9C51-2C48F41B06FA}.Debug|x86.ActiveCfg = Debug|Any CPU
		{4EF0EC5D-F030-43A5-9C51-2C48F41B06FA}.Debug|x86.Build.0 = Debug|Any CPU
		{4EF0EC5D-F030-43A5-9C51-2C48F41B06FA}.Release|Any CPU.ActiveCfg = Release|Any CPU
		{4EF0EC5D-F030-43A5-9C51-2C48F41B06FA}.Release|Any CPU.Build.0 = Release|Any CPU
		{4EF0EC5D-F030-43A5-9C51-2C48F41B06FA}.Release|ARM.ActiveCfg = Release|Any CPU
		{4EF0EC5D-F030-43A5-9C51-2C48F41B06FA}.Release|ARM.Build.0 = Release|Any CPU
		{4EF0EC5D-F030-43A5-9C51-2C48F41B06FA}.Release|iPhone.ActiveCfg = Release|Any CPU
		{4EF0EC5D-F030-43A5-9C51-2C48F41B06FA}.Release|iPhone.Build.0 = Release|Any CPU
		{4EF0EC5D-F030-43A5-9C51-2C48F41B06FA}.Release|iPhoneSimulator.ActiveCfg = Release|Any CPU
		{4EF0EC5D-F030-43A5-9C51-2C48F41B06FA}.Release|iPhoneSimulator.Build.0 = Release|Any CPU
		{4EF0EC5D-F030-43A5-9C51-2C48F41B06FA}.Release|x64.ActiveCfg = Release|Any CPU
		{4EF0EC5D-F030-43A5-9C51-2C48F41B06FA}.Release|x64.Build.0 = Release|Any CPU
		{4EF0EC5D-F030-43A5-9C51-2C48F41B06FA}.Release|x86.ActiveCfg = Release|Any CPU
		{4EF0EC5D-F030-43A5-9C51-2C48F41B06FA}.Release|x86.Build.0 = Release|Any CPU
	EndGlobalSection
	GlobalSection(SolutionProperties) = preSolution
		HideSolutionNode = FALSE
	EndGlobalSection
	GlobalSection(NestedProjects) = preSolution
		{8797990D-A3C9-4DCA-9D71-3C15706F1DB1} = {95897B34-8FDC-4D51-AD74-8D9EA707EAB2}
		{B4620367-EB3C-4F5C-868A-CCE7DC40C252} = {95897B34-8FDC-4D51-AD74-8D9EA707EAB2}
		{3FF0F899-F31E-43FA-B54E-BA8A98FE63C5} = {95897B34-8FDC-4D51-AD74-8D9EA707EAB2}
		{91EAF3AC-A9DE-4A6D-8C2A-D32E72700A2B} = {95897B34-8FDC-4D51-AD74-8D9EA707EAB2}
		{ADFF6484-8BEF-4FC8-B3E6-0EE6BCEAA515} = {95897B34-8FDC-4D51-AD74-8D9EA707EAB2}
		{4EF0EC5D-F030-43A5-9C51-2C48F41B06FA} = {95897B34-8FDC-4D51-AD74-8D9EA707EAB2}
	EndGlobalSection
EndGlobal
